
Microsoft Visual Studio Solution File, Format Version 12.00
# Visual Studio 14
VisualStudioVersion = 14.0.24720.0
MinimumVisualStudioVersion = 10.0.40219.1
Project("{FAE04EC0-301F-11D3-BF4B-00C04F79EFBC}") = "CSharpRpp", "CSharpRpp\CSharpRpp.csproj", "{7FD873E7-CFD5-4023-8EF1-39682E068423}"
EndProject
Project("{FAE04EC0-301F-11D3-BF4B-00C04F79EFBC}") = "CSharpRppTest", "CSharpRppTest\CSharpRppTest.csproj", "{512693B0-DDFB-4D79-A646-A211CC6A92D2}"
EndProject
Project("{FAE04EC0-301F-11D3-BF4B-00C04F79EFBC}") = "CLRCodeGen", "CLRCodeGen\CLRCodeGen.csproj", "{A5CBF7BE-DC5B-4A80-A8C5-FAC08C57DB03}"
EndProject
Project("{FAE04EC0-301F-11D3-BF4B-00C04F79EFBC}") = "RppRuntime", "RppRuntime\RppRuntime.csproj", "{05D46799-2874-40DE-966B-A49B50EEB74E}"
EndProject
Project("{FAE04EC0-301F-11D3-BF4B-00C04F79EFBC}") = "VisitorThingy", "VisitorThingy\VisitorThingy.csproj", "{FD614959-CD30-46F2-A6A1-9FD046E305CA}"
EndProject
Project("{FAE04EC0-301F-11D3-BF4B-00C04F79EFBC}") = "BufferCompiler", "BufferCompiler\BufferCompiler.csproj", "{C71928E3-3F01-47BF-8B9A-6EB9F15B9DEF}"
	ProjectSection(ProjectDependencies) = postProject
		{354E5993-435A-4209-B70C-8C1D0AAA5DE3} = {354E5993-435A-4209-B70C-8C1D0AAA5DE3}
	EndProjectSection
EndProject
Project("{FAE04EC0-301F-11D3-BF4B-00C04F79EFBC}") = "RppStdlib", "RppStdlib\RppStdlib.csproj", "{354E5993-435A-4209-B70C-8C1D0AAA5DE3}"
	ProjectSection(ProjectDependencies) = postProject
		{7FD873E7-CFD5-4023-8EF1-39682E068423} = {7FD873E7-CFD5-4023-8EF1-39682E068423}
	EndProjectSection
EndProject
Global
	GlobalSection(SolutionConfigurationPlatforms) = preSolution
		Debug|Any CPU = Debug|Any CPU
		Debug|ARM = Debug|ARM
		Debug|x64 = Debug|x64
		Debug|x86 = Debug|x86
		Release|Any CPU = Release|Any CPU
		Release|ARM = Release|ARM
		Release|x64 = Release|x64
		Release|x86 = Release|x86
	EndGlobalSection
	GlobalSection(ProjectConfigurationPlatforms) = postSolution
		{7FD873E7-CFD5-4023-8EF1-39682E068423}.Debug|Any CPU.ActiveCfg = Debug|Any CPU
		{7FD873E7-CFD5-4023-8EF1-39682E068423}.Debug|Any CPU.Build.0 = Debug|Any CPU
		{7FD873E7-CFD5-4023-8EF1-39682E068423}.Debug|ARM.ActiveCfg = Debug|Any CPU
		{7FD873E7-CFD5-4023-8EF1-39682E068423}.Debug|ARM.Build.0 = Debug|Any CPU
		{7FD873E7-CFD5-4023-8EF1-39682E068423}.Debug|x64.ActiveCfg = Debug|Any CPU
		{7FD873E7-CFD5-4023-8EF1-39682E068423}.Debug|x64.Build.0 = Debug|Any CPU
		{7FD873E7-CFD5-4023-8EF1-39682E068423}.Debug|x86.ActiveCfg = Debug|Any CPU
		{7FD873E7-CFD5-4023-8EF1-39682E068423}.Debug|x86.Build.0 = Debug|Any CPU
		{7FD873E7-CFD5-4023-8EF1-39682E068423}.Release|Any CPU.ActiveCfg = Release|Any CPU
		{7FD873E7-CFD5-4023-8EF1-39682E068423}.Release|Any CPU.Build.0 = Release|Any CPU
		{7FD873E7-CFD5-4023-8EF1-39682E068423}.Release|ARM.ActiveCfg = Release|Any CPU
		{7FD873E7-CFD5-4023-8EF1-39682E068423}.Release|ARM.Build.0 = Release|Any CPU
		{7FD873E7-CFD5-4023-8EF1-39682E068423}.Release|x64.ActiveCfg = Release|Any CPU
		{7FD873E7-CFD5-4023-8EF1-39682E068423}.Release|x64.Build.0 = Release|Any CPU
		{7FD873E7-CFD5-4023-8EF1-39682E068423}.Release|x86.ActiveCfg = Release|Any CPU
		{7FD873E7-CFD5-4023-8EF1-39682E068423}.Release|x86.Build.0 = Release|Any CPU
		{512693B0-DDFB-4D79-A646-A211CC6A92D2}.Debug|Any CPU.ActiveCfg = Debug|Any CPU
		{512693B0-DDFB-4D79-A646-A211CC6A92D2}.Debug|Any CPU.Build.0 = Debug|Any CPU
		{512693B0-DDFB-4D79-A646-A211CC6A92D2}.Debug|ARM.ActiveCfg = Debug|Any CPU
		{512693B0-DDFB-4D79-A646-A211CC6A92D2}.Debug|ARM.Build.0 = Debug|Any CPU
		{512693B0-DDFB-4D79-A646-A211CC6A92D2}.Debug|x64.ActiveCfg = Debug|Any CPU
		{512693B0-DDFB-4D79-A646-A211CC6A92D2}.Debug|x64.Build.0 = Debug|Any CPU
		{512693B0-DDFB-4D79-A646-A211CC6A92D2}.Debug|x86.ActiveCfg = Debug|Any CPU
		{512693B0-DDFB-4D79-A646-A211CC6A92D2}.Debug|x86.Build.0 = Debug|Any CPU
		{512693B0-DDFB-4D79-A646-A211CC6A92D2}.Release|Any CPU.ActiveCfg = Release|Any CPU
		{512693B0-DDFB-4D79-A646-A211CC6A92D2}.Release|Any CPU.Build.0 = Release|Any CPU
		{512693B0-DDFB-4D79-A646-A211CC6A92D2}.Release|ARM.ActiveCfg = Release|Any CPU
		{512693B0-DDFB-4D79-A646-A211CC6A92D2}.Release|ARM.Build.0 = Release|Any CPU
		{512693B0-DDFB-4D79-A646-A211CC6A92D2}.Release|x64.ActiveCfg = Release|Any CPU
		{512693B0-DDFB-4D79-A646-A211CC6A92D2}.Release|x64.Build.0 = Release|Any CPU
		{512693B0-DDFB-4D79-A646-A211CC6A92D2}.Release|x86.ActiveCfg = Release|Any CPU
		{512693B0-DDFB-4D79-A646-A211CC6A92D2}.Release|x86.Build.0 = Release|Any CPU
		{A5CBF7BE-DC5B-4A80-A8C5-FAC08C57DB03}.Debug|Any CPU.ActiveCfg = Debug|Any CPU
		{A5CBF7BE-DC5B-4A80-A8C5-FAC08C57DB03}.Debug|Any CPU.Build.0 = Debug|Any CPU
		{A5CBF7BE-DC5B-4A80-A8C5-FAC08C57DB03}.Debug|ARM.ActiveCfg = Debug|Any CPU
		{A5CBF7BE-DC5B-4A80-A8C5-FAC08C57DB03}.Debug|ARM.Build.0 = Debug|Any CPU
		{A5CBF7BE-DC5B-4A80-A8C5-FAC08C57DB03}.Debug|x64.ActiveCfg = Debug|Any CPU
		{A5CBF7BE-DC5B-4A80-A8C5-FAC08C57DB03}.Debug|x64.Build.0 = Debug|Any CPU
		{A5CBF7BE-DC5B-4A80-A8C5-FAC08C57DB03}.Debug|x86.ActiveCfg = Debug|Any CPU
		{A5CBF7BE-DC5B-4A80-A8C5-FAC08C57DB03}.Debug|x86.Build.0 = Debug|Any CPU
		{A5CBF7BE-DC5B-4A80-A8C5-FAC08C57DB03}.Release|Any CPU.ActiveCfg = Release|Any CPU
		{A5CBF7BE-DC5B-4A80-A8C5-FAC08C57DB03}.Release|Any CPU.Build.0 = Release|Any CPU
		{A5CBF7BE-DC5B-4A80-A8C5-FAC08C57DB03}.Release|ARM.ActiveCfg = Release|Any CPU
		{A5CBF7BE-DC5B-4A80-A8C5-FAC08C57DB03}.Release|ARM.Build.0 = Release|Any CPU
		{A5CBF7BE-DC5B-4A80-A8C5-FAC08C57DB03}.Release|x64.ActiveCfg = Release|Any CPU
		{A5CBF7BE-DC5B-4A80-A8C5-FAC08C57DB03}.Release|x64.Build.0 = Release|Any CPU
		{A5CBF7BE-DC5B-4A80-A8C5-FAC08C57DB03}.Release|x86.ActiveCfg = Release|Any CPU
		{A5CBF7BE-DC5B-4A80-A8C5-FAC08C57DB03}.Release|x86.Build.0 = Release|Any CPU
		{05D46799-2874-40DE-966B-A49B50EEB74E}.Debug|Any CPU.ActiveCfg = Debug|Any CPU
		{05D46799-2874-40DE-966B-A49B50EEB74E}.Debug|Any CPU.Build.0 = Debug|Any CPU
		{05D46799-2874-40DE-966B-A49B50EEB74E}.Debug|ARM.ActiveCfg = Debug|Any CPU
		{05D46799-2874-40DE-966B-A49B50EEB74E}.Debug|ARM.Build.0 = Debug|Any CPU
		{05D46799-2874-40DE-966B-A49B50EEB74E}.Debug|x64.ActiveCfg = Debug|Any CPU
		{05D46799-2874-40DE-966B-A49B50EEB74E}.Debug|x64.Build.0 = Debug|Any CPU
		{05D46799-2874-40DE-966B-A49B50EEB74E}.Debug|x86.ActiveCfg = Debug|Any CPU
		{05D46799-2874-40DE-966B-A49B50EEB74E}.Debug|x86.Build.0 = Debug|Any CPU
		{05D46799-2874-40DE-966B-A49B50EEB74E}.Release|Any CPU.ActiveCfg = Release|Any CPU
		{05D46799-2874-40DE-966B-A49B50EEB74E}.Release|Any CPU.Build.0 = Release|Any CPU
		{05D46799-2874-40DE-966B-A49B50EEB74E}.Release|ARM.ActiveCfg = Release|Any CPU
		{05D46799-2874-40DE-966B-A49B50EEB74E}.Release|ARM.Build.0 = Release|Any CPU
		{05D46799-2874-40DE-966B-A49B50EEB74E}.Release|x64.ActiveCfg = Release|Any CPU
		{05D46799-2874-40DE-966B-A49B50EEB74E}.Release|x64.Build.0 = Release|Any CPU
		{05D46799-2874-40DE-966B-A49B50EEB74E}.Release|x86.ActiveCfg = Release|Any CPU
		{05D46799-2874-40DE-966B-A49B50EEB74E}.Release|x86.Build.0 = Release|Any CPU
		{FD614959-CD30-46F2-A6A1-9FD046E305CA}.Debug|Any CPU.ActiveCfg = Debug|Any CPU
		{FD614959-CD30-46F2-A6A1-9FD046E305CA}.Debug|Any CPU.Build.0 = Debug|Any CPU
		{FD614959-CD30-46F2-A6A1-9FD046E305CA}.Debug|ARM.ActiveCfg = Debug|Any CPU
		{FD614959-CD30-46F2-A6A1-9FD046E305CA}.Debug|ARM.Build.0 = Debug|Any CPU
		{FD614959-CD30-46F2-A6A1-9FD046E305CA}.Debug|x64.ActiveCfg = Debug|Any CPU
		{FD614959-CD30-46F2-A6A1-9FD046E305CA}.Debug|x64.Build.0 = Debug|Any CPU
		{FD614959-CD30-46F2-A6A1-9FD046E305CA}.Debug|x86.ActiveCfg = Debug|Any CPU
		{FD614959-CD30-46F2-A6A1-9FD046E305CA}.Debug|x86.Build.0 = Debug|Any CPU
		{FD614959-CD30-46F2-A6A1-9FD046E305CA}.Release|Any CPU.ActiveCfg = Release|Any CPU
		{FD614959-CD30-46F2-A6A1-9FD046E305CA}.Release|Any CPU.Build.0 = Release|Any CPU
		{FD614959-CD30-46F2-A6A1-9FD046E305CA}.Release|ARM.ActiveCfg = Release|Any CPU
		{FD614959-CD30-46F2-A6A1-9FD046E305CA}.Release|ARM.Build.0 = Release|Any CPU
		{FD614959-CD30-46F2-A6A1-9FD046E305CA}.Release|x64.ActiveCfg = Release|Any CPU
		{FD614959-CD30-46F2-A6A1-9FD046E305CA}.Release|x64.Build.0 = Release|Any CPU
		{FD614959-CD30-46F2-A6A1-9FD046E305CA}.Release|x86.ActiveCfg = Release|Any CPU
		{FD614959-CD30-46F2-A6A1-9FD046E305CA}.Release|x86.Build.0 = Release|Any CPU
		{C71928E3-3F01-47BF-8B9A-6EB9F15B9DEF}.Debug|Any CPU.ActiveCfg = Debug|Any CPU
		{C71928E3-3F01-47BF-8B9A-6EB9F15B9DEF}.Debug|Any CPU.Build.0 = Debug|Any CPU
		{C71928E3-3F01-47BF-8B9A-6EB9F15B9DEF}.Debug|ARM.ActiveCfg = Debug|Any CPU
		{C71928E3-3F01-47BF-8B9A-6EB9F15B9DEF}.Debug|ARM.Build.0 = Debug|Any CPU
		{C71928E3-3F01-47BF-8B9A-6EB9F15B9DEF}.Debug|x64.ActiveCfg = Debug|Any CPU
		{C71928E3-3F01-47BF-8B9A-6EB9F15B9DEF}.Debug|x64.Build.0 = Debug|Any CPU
		{C71928E3-3F01-47BF-8B9A-6EB9F15B9DEF}.Debug|x86.ActiveCfg = Debug|Any CPU
		{C71928E3-3F01-47BF-8B9A-6EB9F15B9DEF}.Debug|x86.Build.0 = Debug|Any CPU
		{C71928E3-3F01-47BF-8B9A-6EB9F15B9DEF}.Release|Any CPU.ActiveCfg = Release|Any CPU
		{C71928E3-3F01-47BF-8B9A-6EB9F15B9DEF}.Release|Any CPU.Build.0 = Release|Any CPU
		{C71928E3-3F01-47BF-8B9A-6EB9F15B9DEF}.Release|ARM.ActiveCfg = Release|Any CPU
		{C71928E3-3F01-47BF-8B9A-6EB9F15B9DEF}.Release|ARM.Build.0 = Release|Any CPU
		{C71928E3-3F01-47BF-8B9A-6EB9F15B9DEF}.Release|x64.ActiveCfg = Release|Any CPU
		{C71928E3-3F01-47BF-8B9A-6EB9F15B9DEF}.Release|x64.Build.0 = Release|Any CPU
		{C71928E3-3F01-47BF-8B9A-6EB9F15B9DEF}.Release|x86.ActiveCfg = Release|Any CPU
		{C71928E3-3F01-47BF-8B9A-6EB9F15B9DEF}.Release|x86.Build.0 = Release|Any CPU
		{354E5993-435A-4209-B70C-8C1D0AAA5DE3}.Debug|Any CPU.ActiveCfg = Debug|Any CPU
		{354E5993-435A-4209-B70C-8C1D0AAA5DE3}.Debug|ARM.ActiveCfg = Debug|Any CPU
		{354E5993-435A-4209-B70C-8C1D0AAA5DE3}.Debug|ARM.Build.0 = Debug|Any CPU
		{354E5993-435A-4209-B70C-8C1D0AAA5DE3}.Debug|x64.ActiveCfg = Debug|Any CPU
		{354E5993-435A-4209-B70C-8C1D0AAA5DE3}.Debug|x64.Build.0 = Debug|Any CPU
		{354E5993-435A-4209-B70C-8C1D0AAA5DE3}.Debug|x86.ActiveCfg = Debug|Any CPU
		{354E5993-435A-4209-B70C-8C1D0AAA5DE3}.Debug|x86.Build.0 = Debug|Any CPU
		{354E5993-435A-4209-B70C-8C1D0AAA5DE3}.Release|Any CPU.ActiveCfg = Release|Any CPU
		{354E5993-435A-4209-B70C-8C1D0AAA5DE3}.Release|ARM.ActiveCfg = Release|Any CPU
		{354E5993-435A-4209-B70C-8C1D0AAA5DE3}.Release|ARM.Build.0 = Release|Any CPU
		{354E5993-435A-4209-B70C-8C1D0AAA5DE3}.Release|x64.ActiveCfg = Release|Any CPU
		{354E5993-435A-4209-B70C-8C1D0AAA5DE3}.Release|x64.Build.0 = Release|Any CPU
		{354E5993-435A-4209-B70C-8C1D0AAA5DE3}.Release|x86.ActiveCfg = Release|Any CPU
		{354E5993-435A-4209-B70C-8C1D0AAA5DE3}.Release|x86.Build.0 = Release|Any CPU
	EndGlobalSection
	GlobalSection(SolutionProperties) = preSolution
		HideSolutionNode = FALSE
	EndGlobalSection
EndGlobal
