
Microsoft Visual Studio Solution File, Format Version 12.00
# Visual Studio 2013
VisualStudioVersion = 12.0.31101.0
MinimumVisualStudioVersion = 10.0.40219.1
Project("{FAE04EC0-301F-11D3-BF4B-00C04F79EFBC}") = "CSharpRpp", "CSharpRpp\CSharpRpp.csproj", "{7FD873E7-CFD5-4023-8EF1-39682E068423}"
EndProject
Project("{FAE04EC0-301F-11D3-BF4B-00C04F79EFBC}") = "CSharpRppTest", "CSharpRppTest\CSharpRppTest.csproj", "{512693B0-DDFB-4D79-A646-A211CC6A92D2}"
EndProject
Project("{FAE04EC0-301F-11D3-BF4B-00C04F79EFBC}") = "CLRCodeGen", "CLRCodeGen\CLRCodeGen.csproj", "{A5CBF7BE-DC5B-4A80-A8C5-FAC08C57DB03}"
EndProject
Project("{FAE04EC0-301F-11D3-BF4B-00C04F79EFBC}") = "RppRuntime", "RppRuntime\RppRuntime.csproj", "{05D46799-2874-40DE-966B-A49B50EEB74E}"
EndProject
Project("{FAE04EC0-301F-11D3-BF4B-00C04F79EFBC}") = "VisitorThingy", "VisitorThingy\VisitorThingy.csproj", "{FD614959-CD30-46F2-A6A1-9FD046E305CA}"
EndProject
Global
	GlobalSection(SolutionConfigurationPlatforms) = preSolution
		Debug|Any CPU = Debug|Any CPU
		Release|Any CPU = Release|Any CPU
	EndGlobalSection
	GlobalSection(ProjectConfigurationPlatforms) = postSolution
		{7FD873E7-CFD5-4023-8EF1-39682E068423}.Debug|Any CPU.ActiveCfg = Debug|Any CPU
		{7FD873E7-CFD5-4023-8EF1-39682E068423}.Debug|Any CPU.Build.0 = Debug|Any CPU
		{7FD873E7-CFD5-4023-8EF1-39682E068423}.Release|Any CPU.ActiveCfg = Release|Any CPU
		{7FD873E7-CFD5-4023-8EF1-39682E068423}.Release|Any CPU.Build.0 = Release|Any CPU
		{512693B0-DDFB-4D79-A646-A211CC6A92D2}.Debug|Any CPU.ActiveCfg = Debug|Any CPU
		{512693B0-DDFB-4D79-A646-A211CC6A92D2}.Debug|Any CPU.Build.0 = Debug|Any CPU
		{512693B0-DDFB-4D79-A646-A211CC6A92D2}.Release|Any CPU.ActiveCfg = Release|Any CPU
		{512693B0-DDFB-4D79-A646-A211CC6A92D2}.Release|Any CPU.Build.0 = Release|Any CPU
		{A5CBF7BE-DC5B-4A80-A8C5-FAC08C57DB03}.Debug|Any CPU.ActiveCfg = Debug|Any CPU
		{A5CBF7BE-DC5B-4A80-A8C5-FAC08C57DB03}.Debug|Any CPU.Build.0 = Debug|Any CPU
		{A5CBF7BE-DC5B-4A80-A8C5-FAC08C57DB03}.Release|Any CPU.ActiveCfg = Release|Any CPU
		{A5CBF7BE-DC5B-4A80-A8C5-FAC08C57DB03}.Release|Any CPU.Build.0 = Release|Any CPU
		{05D46799-2874-40DE-966B-A49B50EEB74E}.Debug|Any CPU.ActiveCfg = Debug|Any CPU
		{05D46799-2874-40DE-966B-A49B50EEB74E}.Debug|Any CPU.Build.0 = Debug|Any CPU
		{05D46799-2874-40DE-966B-A49B50EEB74E}.Release|Any CPU.ActiveCfg = Release|Any CPU
		{05D46799-2874-40DE-966B-A49B50EEB74E}.Release|Any CPU.Build.0 = Release|Any CPU
		{FD614959-CD30-46F2-A6A1-9FD046E305CA}.Debug|Any CPU.ActiveCfg = Debug|Any CPU
		{FD614959-CD30-46F2-A6A1-9FD046E305CA}.Debug|Any CPU.Build.0 = Debug|Any CPU
		{FD614959-CD30-46F2-A6A1-9FD046E305CA}.Release|Any CPU.ActiveCfg = Release|Any CPU
		{FD614959-CD30-46F2-A6A1-9FD046E305CA}.Release|Any CPU.Build.0 = Release|Any CPU
	EndGlobalSection
	GlobalSection(SolutionProperties) = preSolution
		HideSolutionNode = FALSE
	EndGlobalSection
EndGlobal
